
Microsoft Visual Studio Solution File, Format Version 12.00
# Visual Studio 15
VisualStudioVersion = 15.0.28307.271
MinimumVisualStudioVersion = 10.0.40219.1
Project("{FAE04EC0-301F-11D3-BF4B-00C04F79EFBC}") = "Task_1", "Lesson_1\Task_1.csproj", "{7E796FCC-A59E-4B9E-85BE-DAAEEDEBF6EB}"
EndProject
Project("{FAE04EC0-301F-11D3-BF4B-00C04F79EFBC}") = "Task_2", "Task_2\Task_2.csproj", "{64D84A91-8E0F-40F8-9D16-70D7E97FD4F2}"
EndProject
Project("{FAE04EC0-301F-11D3-BF4B-00C04F79EFBC}") = "Task_3", "Task_3\Task_3.csproj", "{A7A6E941-3936-45B9-9FF7-1A7D06608D6F}"
EndProject
Project("{FAE04EC0-301F-11D3-BF4B-00C04F79EFBC}") = "Task_4", "Task_4\Task_4.csproj", "{4EA2D23B-F90D-4D8A-959B-17893AB16D56}"
EndProject
Project("{FAE04EC0-301F-11D3-BF4B-00C04F79EFBC}") = "Task_5", "Task_5\Task_5.csproj", "{EB9FD6F6-BC2B-479C-9F52-6D723D67DC32}"
EndProject
Global
	GlobalSection(SolutionConfigurationPlatforms) = preSolution
		Debug|Any CPU = Debug|Any CPU
		Release|Any CPU = Release|Any CPU
	EndGlobalSection
	GlobalSection(ProjectConfigurationPlatforms) = postSolution
		{7E796FCC-A59E-4B9E-85BE-DAAEEDEBF6EB}.Debug|Any CPU.ActiveCfg = Debug|Any CPU
		{7E796FCC-A59E-4B9E-85BE-DAAEEDEBF6EB}.Debug|Any CPU.Build.0 = Debug|Any CPU
		{7E796FCC-A59E-4B9E-85BE-DAAEEDEBF6EB}.Release|Any CPU.ActiveCfg = Release|Any CPU
		{7E796FCC-A59E-4B9E-85BE-DAAEEDEBF6EB}.Release|Any CPU.Build.0 = Release|Any CPU
		{64D84A91-8E0F-40F8-9D16-70D7E97FD4F2}.Debug|Any CPU.ActiveCfg = Debug|Any CPU
		{64D84A91-8E0F-40F8-9D16-70D7E97FD4F2}.Debug|Any CPU.Build.0 = Debug|Any CPU
		{64D84A91-8E0F-40F8-9D16-70D7E97FD4F2}.Release|Any CPU.ActiveCfg = Release|Any CPU
		{64D84A91-8E0F-40F8-9D16-70D7E97FD4F2}.Release|Any CPU.Build.0 = Release|Any CPU
		{A7A6E941-3936-45B9-9FF7-1A7D06608D6F}.Debug|Any CPU.ActiveCfg = Debug|Any CPU
		{A7A6E941-3936-45B9-9FF7-1A7D06608D6F}.Debug|Any CPU.Build.0 = Debug|Any CPU
		{A7A6E941-3936-45B9-9FF7-1A7D06608D6F}.Release|Any CPU.ActiveCfg = Release|Any CPU
		{A7A6E941-3936-45B9-9FF7-1A7D06608D6F}.Release|Any CPU.Build.0 = Release|Any CPU
		{4EA2D23B-F90D-4D8A-959B-17893AB16D56}.Debug|Any CPU.ActiveCfg = Debug|Any CPU
		{4EA2D23B-F90D-4D8A-959B-17893AB16D56}.Debug|Any CPU.Build.0 = Debug|Any CPU
		{4EA2D23B-F90D-4D8A-959B-17893AB16D56}.Release|Any CPU.ActiveCfg = Release|Any CPU
		{4EA2D23B-F90D-4D8A-959B-17893AB16D56}.Release|Any CPU.Build.0 = Release|Any CPU
		{EB9FD6F6-BC2B-479C-9F52-6D723D67DC32}.Debug|Any CPU.ActiveCfg = Debug|Any CPU
		{EB9FD6F6-BC2B-479C-9F52-6D723D67DC32}.Debug|Any CPU.Build.0 = Debug|Any CPU
		{EB9FD6F6-BC2B-479C-9F52-6D723D67DC32}.Release|Any CPU.ActiveCfg = Release|Any CPU
		{EB9FD6F6-BC2B-479C-9F52-6D723D67DC32}.Release|Any CPU.Build.0 = Release|Any CPU
	EndGlobalSection
	GlobalSection(SolutionProperties) = preSolution
		HideSolutionNode = FALSE
	EndGlobalSection
	GlobalSection(ExtensibilityGlobals) = postSolution
		SolutionGuid = {EBBAA759-B0C5-4243-8BD6-AC333BF89A79}
	EndGlobalSection
EndGlobal
